
Microsoft Visual Studio Solution File, Format Version 12.00
Project("{2150E333-8FDC-42A3-9474-1A3956D46DE8}") = "src", "src", "{F7AF0BFC-1A01-4D87-8174-4C850819ABD7}"
EndProject
Project("{2150E333-8FDC-42A3-9474-1A3956D46DE8}") = "items", "items", "{E3C08F81-E735-4E8E-8FBB-E1D54AF5FAD4}"
	ProjectSection(SolutionItems) = preProject
		README.md = README.md
	EndProjectSection
EndProject
Project("{FAE04EC0-301F-11D3-BF4B-00C04F79EFBC}") = "Domain", "Domain\Domain.csproj", "{A8EEDBF0-914C-4E26-BFF4-9AF070A83D45}"
EndProject
Project("{FAE04EC0-301F-11D3-BF4B-00C04F79EFBC}") = "Application", "Application\Application.csproj", "{B676B03D-F2AA-4B29-8991-771C69114E29}"
EndProject
Project("{FAE04EC0-301F-11D3-BF4B-00C04F79EFBC}") = "Infrastructure", "Infrastructure\Infrastructure.csproj", "{7E7430E6-D591-438E-BCE7-001D3A69772C}"
EndProject
Project("{FAE04EC0-301F-11D3-BF4B-00C04F79EFBC}") = "Web", "Web\Web.csproj", "{BA2EC1E9-613A-4B40-B845-8AFECF73713D}"
EndProject
Project("{2150E333-8FDC-42A3-9474-1A3956D46DE8}") = "tests", "tests", "{6A13B9AB-F914-4463-92E5-923B18AEBB2C}"
EndProject
Project("{FAE04EC0-301F-11D3-BF4B-00C04F79EFBC}") = "UnitTests", "UnitTests\UnitTests.csproj", "{F33615AB-A80F-4F71-9CF3-F1C17AE6FA16}"
EndProject
Global
	GlobalSection(SolutionConfigurationPlatforms) = preSolution
		Debug|Any CPU = Debug|Any CPU
		Release|Any CPU = Release|Any CPU
	EndGlobalSection
	GlobalSection(ProjectConfigurationPlatforms) = postSolution
		{A8EEDBF0-914C-4E26-BFF4-9AF070A83D45}.Debug|Any CPU.ActiveCfg = Debug|Any CPU
		{A8EEDBF0-914C-4E26-BFF4-9AF070A83D45}.Debug|Any CPU.Build.0 = Debug|Any CPU
		{A8EEDBF0-914C-4E26-BFF4-9AF070A83D45}.Release|Any CPU.ActiveCfg = Release|Any CPU
		{A8EEDBF0-914C-4E26-BFF4-9AF070A83D45}.Release|Any CPU.Build.0 = Release|Any CPU
		{B676B03D-F2AA-4B29-8991-771C69114E29}.Debug|Any CPU.ActiveCfg = Debug|Any CPU
		{B676B03D-F2AA-4B29-8991-771C69114E29}.Debug|Any CPU.Build.0 = Debug|Any CPU
		{B676B03D-F2AA-4B29-8991-771C69114E29}.Release|Any CPU.ActiveCfg = Release|Any CPU
		{B676B03D-F2AA-4B29-8991-771C69114E29}.Release|Any CPU.Build.0 = Release|Any CPU
		{7E7430E6-D591-438E-BCE7-001D3A69772C}.Debug|Any CPU.ActiveCfg = Debug|Any CPU
		{7E7430E6-D591-438E-BCE7-001D3A69772C}.Debug|Any CPU.Build.0 = Debug|Any CPU
		{7E7430E6-D591-438E-BCE7-001D3A69772C}.Release|Any CPU.ActiveCfg = Release|Any CPU
		{7E7430E6-D591-438E-BCE7-001D3A69772C}.Release|Any CPU.Build.0 = Release|Any CPU
		{BA2EC1E9-613A-4B40-B845-8AFECF73713D}.Debug|Any CPU.ActiveCfg = Debug|Any CPU
		{BA2EC1E9-613A-4B40-B845-8AFECF73713D}.Debug|Any CPU.Build.0 = Debug|Any CPU
		{BA2EC1E9-613A-4B40-B845-8AFECF73713D}.Release|Any CPU.ActiveCfg = Release|Any CPU
		{BA2EC1E9-613A-4B40-B845-8AFECF73713D}.Release|Any CPU.Build.0 = Release|Any CPU
		{F33615AB-A80F-4F71-9CF3-F1C17AE6FA16}.Debug|Any CPU.ActiveCfg = Debug|Any CPU
		{F33615AB-A80F-4F71-9CF3-F1C17AE6FA16}.Debug|Any CPU.Build.0 = Debug|Any CPU
		{F33615AB-A80F-4F71-9CF3-F1C17AE6FA16}.Release|Any CPU.ActiveCfg = Release|Any CPU
		{F33615AB-A80F-4F71-9CF3-F1C17AE6FA16}.Release|Any CPU.Build.0 = Release|Any CPU
	EndGlobalSection
	GlobalSection(NestedProjects) = preSolution
		{A8EEDBF0-914C-4E26-BFF4-9AF070A83D45} = {F7AF0BFC-1A01-4D87-8174-4C850819ABD7}
		{B676B03D-F2AA-4B29-8991-771C69114E29} = {F7AF0BFC-1A01-4D87-8174-4C850819ABD7}
		{7E7430E6-D591-438E-BCE7-001D3A69772C} = {F7AF0BFC-1A01-4D87-8174-4C850819ABD7}
		{BA2EC1E9-613A-4B40-B845-8AFECF73713D} = {F7AF0BFC-1A01-4D87-8174-4C850819ABD7}
		{F33615AB-A80F-4F71-9CF3-F1C17AE6FA16} = {6A13B9AB-F914-4463-92E5-923B18AEBB2C}
	EndGlobalSection
EndGlobal
